
Microsoft Visual Studio Solution File, Format Version 12.00
# Visual Studio Version 17
VisualStudioVersion = 17.5.002.0
MinimumVisualStudioVersion = 10.0.40219.1
Project("{9A19103F-16F7-4668-BE54-9A1E7A4F7556}") = "программа", "программа.csproj", "{94DF02FE-7BD9-488B-901D-3B8C891C3354}"
EndProject
Global
	GlobalSection(SolutionConfigurationPlatforms) = preSolution
		Debug|Any CPU = Debug|Any CPU
		Release|Any CPU = Release|Any CPU
	EndGlobalSection
	GlobalSection(ProjectConfigurationPlatforms) = postSolution
		{94DF02FE-7BD9-488B-901D-3B8C891C3354}.Debug|Any CPU.ActiveCfg = Debug|Any CPU
		{94DF02FE-7BD9-488B-901D-3B8C891C3354}.Debug|Any CPU.Build.0 = Debug|Any CPU
		{94DF02FE-7BD9-488B-901D-3B8C891C3354}.Release|Any CPU.ActiveCfg = Release|Any CPU
		{94DF02FE-7BD9-488B-901D-3B8C891C3354}.Release|Any CPU.Build.0 = Release|Any CPU
	EndGlobalSection
	GlobalSection(SolutionProperties) = preSolution
		HideSolutionNode = FALSE
	EndGlobalSection
	GlobalSection(ExtensibilityGlobals) = postSolution
		SolutionGuid = {F077E727-B233-4B83-B8BA-C55908EBC506}
	EndGlobalSection
EndGlobal
